
Microsoft Visual Studio Solution File, Format Version 12.00
# Visual Studio Version 16
VisualStudioVersion = 16.0.29806.167
MinimumVisualStudioVersion = 15.0.26124.0
Project("{9A19103F-16F7-4668-BE54-9A1E7A4F7556}") = "HRMS v2", "HRMS v2\HRMS v2.csproj", "{F02EAA0F-F4BD-4E96-A9B5-68898F2938F5}"
EndProject
Project("{9A19103F-16F7-4668-BE54-9A1E7A4F7556}") = "CommonLibrary", "CommonLibrary\CommonLibrary.csproj", "{2911A4A8-9E32-4489-A57E-8CF3EEF9220A}"
EndProject
Project("{FAE04EC0-301F-11D3-BF4B-00C04F79EFBC}") = "Intra-Hub-v2", "Intra-Hub-v2\Intra-Hub-v2.csproj", "{C283FFC4-D91E-43F7-82D5-5B6D1C3ED9C0}"
EndProject
Global
	GlobalSection(SolutionConfigurationPlatforms) = preSolution
		Debug|Any CPU = Debug|Any CPU
		Debug|x64 = Debug|x64
		Debug|x86 = Debug|x86
		Release|Any CPU = Release|Any CPU
		Release|x64 = Release|x64
		Release|x86 = Release|x86
	EndGlobalSection
	GlobalSection(ProjectConfigurationPlatforms) = postSolution
		{F02EAA0F-F4BD-4E96-A9B5-68898F2938F5}.Debug|Any CPU.ActiveCfg = Debug|Any CPU
		{F02EAA0F-F4BD-4E96-A9B5-68898F2938F5}.Debug|Any CPU.Build.0 = Debug|Any CPU
		{F02EAA0F-F4BD-4E96-A9B5-68898F2938F5}.Debug|x64.ActiveCfg = Debug|Any CPU
		{F02EAA0F-F4BD-4E96-A9B5-68898F2938F5}.Debug|x64.Build.0 = Debug|Any CPU
		{F02EAA0F-F4BD-4E96-A9B5-68898F2938F5}.Debug|x86.ActiveCfg = Debug|Any CPU
		{F02EAA0F-F4BD-4E96-A9B5-68898F2938F5}.Debug|x86.Build.0 = Debug|Any CPU
		{F02EAA0F-F4BD-4E96-A9B5-68898F2938F5}.Release|Any CPU.ActiveCfg = Release|Any CPU
		{F02EAA0F-F4BD-4E96-A9B5-68898F2938F5}.Release|Any CPU.Build.0 = Release|Any CPU
		{F02EAA0F-F4BD-4E96-A9B5-68898F2938F5}.Release|x64.ActiveCfg = Release|Any CPU
		{F02EAA0F-F4BD-4E96-A9B5-68898F2938F5}.Release|x64.Build.0 = Release|Any CPU
		{F02EAA0F-F4BD-4E96-A9B5-68898F2938F5}.Release|x86.ActiveCfg = Release|Any CPU
		{F02EAA0F-F4BD-4E96-A9B5-68898F2938F5}.Release|x86.Build.0 = Release|Any CPU
		{2911A4A8-9E32-4489-A57E-8CF3EEF9220A}.Debug|Any CPU.ActiveCfg = Debug|Any CPU
		{2911A4A8-9E32-4489-A57E-8CF3EEF9220A}.Debug|Any CPU.Build.0 = Debug|Any CPU
		{2911A4A8-9E32-4489-A57E-8CF3EEF9220A}.Debug|x64.ActiveCfg = Debug|Any CPU
		{2911A4A8-9E32-4489-A57E-8CF3EEF9220A}.Debug|x64.Build.0 = Debug|Any CPU
		{2911A4A8-9E32-4489-A57E-8CF3EEF9220A}.Debug|x86.ActiveCfg = Debug|Any CPU
		{2911A4A8-9E32-4489-A57E-8CF3EEF9220A}.Debug|x86.Build.0 = Debug|Any CPU
		{2911A4A8-9E32-4489-A57E-8CF3EEF9220A}.Release|Any CPU.ActiveCfg = Release|Any CPU
		{2911A4A8-9E32-4489-A57E-8CF3EEF9220A}.Release|Any CPU.Build.0 = Release|Any CPU
		{2911A4A8-9E32-4489-A57E-8CF3EEF9220A}.Release|x64.ActiveCfg = Release|Any CPU
		{2911A4A8-9E32-4489-A57E-8CF3EEF9220A}.Release|x64.Build.0 = Release|Any CPU
		{2911A4A8-9E32-4489-A57E-8CF3EEF9220A}.Release|x86.ActiveCfg = Release|Any CPU
		{2911A4A8-9E32-4489-A57E-8CF3EEF9220A}.Release|x86.Build.0 = Release|Any CPU
		{C283FFC4-D91E-43F7-82D5-5B6D1C3ED9C0}.Debug|Any CPU.ActiveCfg = Debug|Any CPU
		{C283FFC4-D91E-43F7-82D5-5B6D1C3ED9C0}.Debug|Any CPU.Build.0 = Debug|Any CPU
		{C283FFC4-D91E-43F7-82D5-5B6D1C3ED9C0}.Debug|x64.ActiveCfg = Debug|Any CPU
		{C283FFC4-D91E-43F7-82D5-5B6D1C3ED9C0}.Debug|x64.Build.0 = Debug|Any CPU
		{C283FFC4-D91E-43F7-82D5-5B6D1C3ED9C0}.Debug|x86.ActiveCfg = Debug|Any CPU
		{C283FFC4-D91E-43F7-82D5-5B6D1C3ED9C0}.Debug|x86.Build.0 = Debug|Any CPU
		{C283FFC4-D91E-43F7-82D5-5B6D1C3ED9C0}.Release|Any CPU.ActiveCfg = Release|Any CPU
		{C283FFC4-D91E-43F7-82D5-5B6D1C3ED9C0}.Release|Any CPU.Build.0 = Release|Any CPU
		{C283FFC4-D91E-43F7-82D5-5B6D1C3ED9C0}.Release|x64.ActiveCfg = Release|Any CPU
		{C283FFC4-D91E-43F7-82D5-5B6D1C3ED9C0}.Release|x64.Build.0 = Release|Any CPU
		{C283FFC4-D91E-43F7-82D5-5B6D1C3ED9C0}.Release|x86.ActiveCfg = Release|Any CPU
		{C283FFC4-D91E-43F7-82D5-5B6D1C3ED9C0}.Release|x86.Build.0 = Release|Any CPU
	EndGlobalSection
	GlobalSection(SolutionProperties) = preSolution
		HideSolutionNode = FALSE
	EndGlobalSection
	GlobalSection(ExtensibilityGlobals) = postSolution
		SolutionGuid = {B2865221-2AB9-40BF-9A1D-5A60E5411058}
	EndGlobalSection
EndGlobal
